
Microsoft Visual Studio Solution File, Format Version 11.00
# Visual Studio 2010
Project("{FAE04EC0-301F-11D3-BF4B-00C04F79EFBC}") = "QuickConnectPlugin", "QuickConnectPlugin\QuickConnectPlugin.csproj", "{6027B153-E1DA-4272-9F9D-D870C27DB630}"
EndProject
Project("{FAE04EC0-301F-11D3-BF4B-00C04F79EFBC}") = "QuickConnectPlugin.Tests", "QuickConnectPlugin.Tests\QuickConnectPlugin.Tests.csproj", "{6B58F95D-3205-4B21-820F-87BD5FAF5F84}"
EndProject
Project("{2150E333-8FDC-42A3-9474-1A3956D46DE8}") = "Solution Items", "Solution Items", "{CAEB41BA-0F12-42EF-8D32-328F63A0C7D2}"
	ProjectSection(SolutionItems) = preProject
		CHANGELOG.md = CHANGELOG.md
		COPYING = COPYING
		LICENSE = LICENSE
		README.md = README.md
	EndProjectSection
EndProject
Project("{FAE04EC0-301F-11D3-BF4B-00C04F79EFBC}") = "QuickConnectPlugin.GuiTest", "QuickConnectPlugin.GuiTest\QuickConnectPlugin.GuiTest.csproj", "{D8D7C102-FFA4-4A56-A885-D4556052D8E9}"
EndProject
Global
	GlobalSection(SolutionConfigurationPlatforms) = preSolution
		Debug|Any CPU = Debug|Any CPU
		Debug|Mixed Platforms = Debug|Mixed Platforms
		Debug|x86 = Debug|x86
		Release|Any CPU = Release|Any CPU
		Release|Mixed Platforms = Release|Mixed Platforms
		Release|x86 = Release|x86
	EndGlobalSection
	GlobalSection(ProjectConfigurationPlatforms) = postSolution
		{6027B153-E1DA-4272-9F9D-D870C27DB630}.Debug|Any CPU.ActiveCfg = Debug|Any CPU
		{6027B153-E1DA-4272-9F9D-D870C27DB630}.Debug|Any CPU.Build.0 = Debug|Any CPU
		{6027B153-E1DA-4272-9F9D-D870C27DB630}.Debug|Mixed Platforms.ActiveCfg = Debug|Any CPU
		{6027B153-E1DA-4272-9F9D-D870C27DB630}.Debug|Mixed Platforms.Build.0 = Debug|Any CPU
		{6027B153-E1DA-4272-9F9D-D870C27DB630}.Debug|x86.ActiveCfg = Debug|Any CPU
		{6027B153-E1DA-4272-9F9D-D870C27DB630}.Release|Any CPU.ActiveCfg = Release|Any CPU
		{6027B153-E1DA-4272-9F9D-D870C27DB630}.Release|Any CPU.Build.0 = Release|Any CPU
		{6027B153-E1DA-4272-9F9D-D870C27DB630}.Release|Mixed Platforms.ActiveCfg = Release|Any CPU
		{6027B153-E1DA-4272-9F9D-D870C27DB630}.Release|Mixed Platforms.Build.0 = Release|Any CPU
		{6027B153-E1DA-4272-9F9D-D870C27DB630}.Release|x86.ActiveCfg = Release|Any CPU
		{6B58F95D-3205-4B21-820F-87BD5FAF5F84}.Debug|Any CPU.ActiveCfg = Debug|Any CPU
		{6B58F95D-3205-4B21-820F-87BD5FAF5F84}.Debug|Any CPU.Build.0 = Debug|Any CPU
		{6B58F95D-3205-4B21-820F-87BD5FAF5F84}.Debug|Mixed Platforms.ActiveCfg = Debug|Any CPU
		{6B58F95D-3205-4B21-820F-87BD5FAF5F84}.Debug|Mixed Platforms.Build.0 = Debug|Any CPU
		{6B58F95D-3205-4B21-820F-87BD5FAF5F84}.Debug|x86.ActiveCfg = Debug|Any CPU
		{6B58F95D-3205-4B21-820F-87BD5FAF5F84}.Release|Any CPU.ActiveCfg = Release|Any CPU
		{6B58F95D-3205-4B21-820F-87BD5FAF5F84}.Release|Any CPU.Build.0 = Release|Any CPU
		{6B58F95D-3205-4B21-820F-87BD5FAF5F84}.Release|Mixed Platforms.ActiveCfg = Release|Any CPU
		{6B58F95D-3205-4B21-820F-87BD5FAF5F84}.Release|Mixed Platforms.Build.0 = Release|Any CPU
		{6B58F95D-3205-4B21-820F-87BD5FAF5F84}.Release|x86.ActiveCfg = Release|Any CPU
		{D8D7C102-FFA4-4A56-A885-D4556052D8E9}.Debug|Any CPU.ActiveCfg = Debug|x86
		{D8D7C102-FFA4-4A56-A885-D4556052D8E9}.Debug|Mixed Platforms.ActiveCfg = Debug|x86
		{D8D7C102-FFA4-4A56-A885-D4556052D8E9}.Debug|Mixed Platforms.Build.0 = Debug|x86
		{D8D7C102-FFA4-4A56-A885-D4556052D8E9}.Debug|x86.ActiveCfg = Debug|x86
		{D8D7C102-FFA4-4A56-A885-D4556052D8E9}.Debug|x86.Build.0 = Debug|x86
		{D8D7C102-FFA4-4A56-A885-D4556052D8E9}.Release|Any CPU.ActiveCfg = Release|x86
		{D8D7C102-FFA4-4A56-A885-D4556052D8E9}.Release|Mixed Platforms.ActiveCfg = Release|x86
		{D8D7C102-FFA4-4A56-A885-D4556052D8E9}.Release|Mixed Platforms.Build.0 = Release|x86
		{D8D7C102-FFA4-4A56-A885-D4556052D8E9}.Release|x86.ActiveCfg = Release|x86
		{D8D7C102-FFA4-4A56-A885-D4556052D8E9}.Release|x86.Build.0 = Release|x86
	EndGlobalSection
	GlobalSection(SolutionProperties) = preSolution
		HideSolutionNode = FALSE
	EndGlobalSection
EndGlobal
